
Microsoft Visual Studio Solution File, Format Version 12.00
# Visual Studio Version 16
VisualStudioVersion = 16.0.31205.134
MinimumVisualStudioVersion = 10.0.40219.1
Project("{FAE04EC0-301F-11D3-BF4B-00C04F79EFBC}") = "Prova 6- Francesca Dicugno", "Prova 6- Francesca Dicugno\Prova 6- Francesca Dicugno.csproj", "{555D8BAB-5115-4707-9C09-52208C7026D2}"
EndProject
Global
	GlobalSection(SolutionConfigurationPlatforms) = preSolution
		Debug|Any CPU = Debug|Any CPU
		Release|Any CPU = Release|Any CPU
	EndGlobalSection
	GlobalSection(ProjectConfigurationPlatforms) = postSolution
		{555D8BAB-5115-4707-9C09-52208C7026D2}.Debug|Any CPU.ActiveCfg = Debug|Any CPU
		{555D8BAB-5115-4707-9C09-52208C7026D2}.Debug|Any CPU.Build.0 = Debug|Any CPU
		{555D8BAB-5115-4707-9C09-52208C7026D2}.Release|Any CPU.ActiveCfg = Release|Any CPU
		{555D8BAB-5115-4707-9C09-52208C7026D2}.Release|Any CPU.Build.0 = Release|Any CPU
	EndGlobalSection
	GlobalSection(SolutionProperties) = preSolution
		HideSolutionNode = FALSE
	EndGlobalSection
	GlobalSection(ExtensibilityGlobals) = postSolution
		SolutionGuid = {335895E3-9C12-404A-ABA7-712A6409D0E9}
	EndGlobalSection
EndGlobal
